PODS:
  - Bolts (1.9.0):
    - Bolts/AppLinks (= 1.9.0)
    - Bolts/Tasks (= 1.9.0)
  - Bolts/AppLinks (1.9.0):
    - Bolts/Tasks
  - Bolts/Tasks (1.9.0)
  - Crashlytics (3.10.1):
    - Fabric (~> 1.7.5)
  - Fabric (1.7.6)
  - FBSDKCoreKit (4.29.0):
    - Bolts (~> 1.7)
  - FBSDKLoginKit (4.29.0):
    - FBSDKCoreKit
  - JSONModel (1.7.0)
  - PopdeemSDK (1.1.16):
    - PopdeemSDK/Core (= 1.1.16)
  - PopdeemSDK/Core (1.1.16):
    - Bolts
    - FBSDKCoreKit
    - FBSDKLoginKit
    - JSONModel
    - Realm
    - Shimmer
    - STTwitter
    - TOCropViewController
  - Realm (3.5.0):
    - Realm/Headers (= 3.5.0)
  - Realm/Headers (3.5.0)
  - Shimmer (1.0.2)
  - STTwitter (0.2.6)
  - TOCropViewController (2.3.6)

DEPENDENCIES:
  - Crashlytics
  - Fabric
  - FBSDKCoreKit (< 4.30)
  - FBSDKLoginKit (< 4.30)
  - PopdeemSDK (from `../../Popdeem-SDK-iOS/PopdeemSDK.podspec`)

SPEC REPOS:
  https://github.com/CocoaPods/Specs.git:
    - Bolts
    - Crashlytics
    - Fabric
    - FBSDKCoreKit
    - FBSDKLoginKit
    - JSONModel
    - Realm
    - Shimmer
    - STTwitter
    - TOCropViewController

EXTERNAL SOURCES:
  PopdeemSDK:
    :path: "../../Popdeem-SDK-iOS/PopdeemSDK.podspec"

SPEC CHECKSUMS:
  Bolts: ac6567323eac61e203f6a9763667d0f711be34c8
  Crashlytics: aee1a064cbbf99b32efa3f056a5f458d846bc8ff
  Fabric: f8d42c893bb187326a7968b62abe55c36a987a46
  FBSDKCoreKit: 6f139173dc63a1deaff4430a55f2fe5bb222d2af
  FBSDKLoginKit: 56a057ca6822535ea0faa25f57a7c41edb697fd4
  JSONModel: 840bc0fcffb24b8454d2c026bf26fea454b8e98d
  PopdeemSDK: d3f0ba0523523b9cbbafee09925bfafd039ae168
  Realm: 0378021c424e4e2bd6a0e63b27881e929d9b9ad1
  Shimmer: c5374be1c2b0c9e292fb05b339a513cf291cac86
  STTwitter: 30ee2f79eff78c3d633a1edc869e97db9c9ead59
  TOCropViewController: 6d972f2c609372312648f96758e13a7f689efbc0

PODFILE CHECKSUM: a91ec15025826b9a513c883f7185992e96a2ff2a

COCOAPODS: 1.5.0
